
Microsoft Visual Studio Solution File, Format Version 12.00
# Visual Studio Version 16
VisualStudioVersion = 16.0.29326.143
MinimumVisualStudioVersion = 10.0.40219.1
Project("{FAE04EC0-301F-11D3-BF4B-00C04F79EFBC}") = "ANotepad", "ANotepad\ANotepad.csproj", "{AF130446-4A21-4702-8E88-019CEF813D5D}"
EndProject
Global
	GlobalSection(SolutionConfigurationPlatforms) = preSolution
		Debug|Any CPU = Debug|Any CPU
		Release|Any CPU = Release|Any CPU
	EndGlobalSection
	GlobalSection(ProjectConfigurationPlatforms) = postSolution
		{AF130446-4A21-4702-8E88-019CEF813D5D}.Debug|Any CPU.ActiveCfg = Debug|Any CPU
		{AF130446-4A21-4702-8E88-019CEF813D5D}.Debug|Any CPU.Build.0 = Debug|Any CPU
		{AF130446-4A21-4702-8E88-019CEF813D5D}.Release|Any CPU.ActiveCfg = Release|Any CPU
		{AF130446-4A21-4702-8E88-019CEF813D5D}.Release|Any CPU.Build.0 = Release|Any CPU
	EndGlobalSection
	GlobalSection(SolutionProperties) = preSolution
		HideSolutionNode = FALSE
	EndGlobalSection
	GlobalSection(ExtensibilityGlobals) = postSolution
		SolutionGuid = {386CEE89-8898-40DB-B327-11A51DE41E10}
	EndGlobalSection
EndGlobal
